
Microsoft Visual Studio Solution File, Format Version 12.00
# Visual Studio Version 17
VisualStudioVersion = 17.14.36301.6 d17.14
MinimumVisualStudioVersion = 10.0.40219.1
Project("{FAE04EC0-301F-11D3-BF4B-00C04F79EFBC}") = "SkillSwapplatform", "SkillSwapplatform.csproj", "{04BC0604-16A0-44AF-B212-1B0F2C20EF48}"
EndProject
Global
	GlobalSection(SolutionConfigurationPlatforms) = preSolution
		Debug|Any CPU = Debug|Any CPU
		Release|Any CPU = Release|Any CPU
	EndGlobalSection
	GlobalSection(ProjectConfigurationPlatforms) = postSolution
		{04BC0604-16A0-44AF-B212-1B0F2C20EF48}.Debug|Any CPU.ActiveCfg = Debug|Any CPU
		{04BC0604-16A0-44AF-B212-1B0F2C20EF48}.Debug|Any CPU.Build.0 = Debug|Any CPU
		{04BC0604-16A0-44AF-B212-1B0F2C20EF48}.Release|Any CPU.ActiveCfg = Release|Any CPU
		{04BC0604-16A0-44AF-B212-1B0F2C20EF48}.Release|Any CPU.Build.0 = Release|Any CPU
	EndGlobalSection
	GlobalSection(SolutionProperties) = preSolution
		HideSolutionNode = FALSE
	EndGlobalSection
	GlobalSection(ExtensibilityGlobals) = postSolution
		SolutionGuid = {51680E8C-E945-4CA3-8206-51E44B9F9755}
	EndGlobalSection
EndGlobal
